
Microsoft Visual Studio Solution File, Format Version 12.00
# Visual Studio Version 17
VisualStudioVersion = 17.3.32922.545
MinimumVisualStudioVersion = 10.0.40219.1
Project("{FAE04EC0-301F-11D3-BF4B-00C04F79EFBC}") = "SignaAPI", "SignaAPI\SignaAPI.csproj", "{49392590-93AE-4F9C-AC22-14FA0E2E996A}"
EndProject
Global
	GlobalSection(SolutionConfigurationPlatforms) = preSolution
		Debug|Any CPU = Debug|Any CPU
		Release|Any CPU = Release|Any CPU
	EndGlobalSection
	GlobalSection(ProjectConfigurationPlatforms) = postSolution
		{49392590-93AE-4F9C-AC22-14FA0E2E996A}.Debug|Any CPU.ActiveCfg = Debug|Any CPU
		{49392590-93AE-4F9C-AC22-14FA0E2E996A}.Debug|Any CPU.Build.0 = Debug|Any CPU
		{49392590-93AE-4F9C-AC22-14FA0E2E996A}.Release|Any CPU.ActiveCfg = Release|Any CPU
		{49392590-93AE-4F9C-AC22-14FA0E2E996A}.Release|Any CPU.Build.0 = Release|Any CPU
	EndGlobalSection
	GlobalSection(SolutionProperties) = preSolution
		HideSolutionNode = FALSE
	EndGlobalSection
	GlobalSection(ExtensibilityGlobals) = postSolution
		SolutionGuid = {5C972DFA-4B62-408E-9637-D8E9565A598E}
	EndGlobalSection
EndGlobal
